
Microsoft Visual Studio Solution File, Format Version 12.00
# Visual Studio Version 16
VisualStudioVersion = 16.0.30611.23
MinimumVisualStudioVersion = 10.0.40219.1
Project("{FAE04EC0-301F-11D3-BF4B-00C04F79EFBC}") = "Bài TH2", "Bài TH2\Bài TH2.csproj", "{070BE551-D3D9-490D-93F0-0E3DD4A44798}"
EndProject
Global
	GlobalSection(SolutionConfigurationPlatforms) = preSolution
		Debug|Any CPU = Debug|Any CPU
		Release|Any CPU = Release|Any CPU
	EndGlobalSection
	GlobalSection(ProjectConfigurationPlatforms) = postSolution
		{070BE551-D3D9-490D-93F0-0E3DD4A44798}.Debug|Any CPU.ActiveCfg = Debug|Any CPU
		{070BE551-D3D9-490D-93F0-0E3DD4A44798}.Debug|Any CPU.Build.0 = Debug|Any CPU
		{070BE551-D3D9-490D-93F0-0E3DD4A44798}.Release|Any CPU.ActiveCfg = Release|Any CPU
		{070BE551-D3D9-490D-93F0-0E3DD4A44798}.Release|Any CPU.Build.0 = Release|Any CPU
	EndGlobalSection
	GlobalSection(SolutionProperties) = preSolution
		HideSolutionNode = FALSE
	EndGlobalSection
	GlobalSection(ExtensibilityGlobals) = postSolution
		SolutionGuid = {316C00F0-4DCD-4D3D-B31C-2FEBE2C85F72}
	EndGlobalSection
EndGlobal
